<?xml version="1.0" encoding="utf-8"?>
<Project ToolsVersion="4.0" xmlns="http://schemas.microsoft.com/developer/msbuild/2003">
  <ItemGroup>
    <Filter Include="Model">
      <UniqueIdentifier>{93995380-89BD-4b04-88EB-625FBE52EBFB}</UniqueIdentifier>
      <Extensions>h;hh;hpp;hxx;hm;inl;inc;xsd</Extensions>
    </Filter>
    <Filter Include="Others">
      <UniqueIdentifier>{67DA6AB6-F800-4c08-8B7A-83BB121AAD01}</UniqueIdentifier>
      <Extensions>rc;ico;cur;bmp;dlg;rc2;rct;bin;rgs;gif;jpg;jpeg;jpe;resx;tiff;tif;png;wav;mfcribbon-ms</Extensions>
    </Filter>
    <Filter Include="Test">
      <UniqueIdentifier>{2dfc5ee3-6760-4e1d-ba07-028067a71a27}</UniqueIdentifier>
    </Filter>
  </ItemGroup>
  <ItemGroup>
    <ClCompile Include="Model\Course.cpp">
      <Filter>Model</Filter>
    </ClCompile>
    <ClCompile Include="Model\Day.cpp">
      <Filter>Model</Filter>
    </ClCompile>
    <ClCompile Include="Model\LecTime.cpp">
      <Filter>Model</Filter>
    </ClCompile>
    <ClCompile Include="Base.cpp" />
    <ClCompile Include="main.cpp" />
    <ClCompile Include="Test\io_test.cpp">
      <Filter>Test</Filter>
    </ClCompile>
  </ItemGroup>
  <ItemGroup>
    <ClInclude Include="Model\Course.h">
      <Filter>Model</Filter>
    </ClInclude>
    <ClInclude Include="Model\CrsTable.hpp">
      <Filter>Model</Filter>
    </ClInclude>
    <ClInclude Include="Model\Day.h">
      <Filter>Model</Filter>
    </ClInclude>
    <ClInclude Include="Model\LecTime.h">
      <Filter>Model</Filter>
    </ClInclude>
    <ClInclude Include="Model\RBTree.h">
      <Filter>Model</Filter>
    </ClInclude>
    <ClInclude Include="Base.h" />
    <ClInclude Include="Model\Interpreter.hpp">
      <Filter>Model</Filter>
    </ClInclude>
  </ItemGroup>
  <ItemGroup>
    <None Include="README.md">
      <Filter>Others</Filter>
    </None>
  </ItemGroup>
</Project>