<?xml version="1.0" encoding="utf-8"?>
<Project ToolsVersion="4.0" xmlns="http://schemas.microsoft.com/developer/msbuild/2003">
  <ItemGroup>
    <ClCompile Include="Base.cpp" />
    <ClCompile Include="main.cpp" />
    <ClCompile Include="Model\Course.cpp">
      <Filter>Model</Filter>
    </ClCompile>
    <ClCompile Include="Model\Day.cpp">
      <Filter>Model</Filter>
    </ClCompile>
    <ClCompile Include="Model\LecTime.cpp">
      <Filter>Model</Filter>
    </ClCompile>
    <ClCompile Include="Stage\stage_test.cpp">
      <Filter>Stage</Filter>
    </ClCompile>
    <ClCompile Include="Test\io_test.cpp">
      <Filter>Test</Filter>
    </ClCompile>
    <ClCompile Include="Original\Subject.cpp">
      <Filter>Original</Filter>
    </ClCompile>
    <ClCompile Include="Original\SubTable.cpp">
      <Filter>Original</Filter>
    </ClCompile>
    <ClCompile Include="Original\TableResult.cpp">
      <Filter>Original</Filter>
    </ClCompile>
  </ItemGroup>
  <ItemGroup>
    <ClInclude Include="Base.h" />
    <ClInclude Include="Model\Course.h">
      <Filter>Model</Filter>
    </ClInclude>
    <ClInclude Include="Model\CrsTable.hpp">
      <Filter>Model</Filter>
    </ClInclude>
    <ClInclude Include="Model\Day.h">
      <Filter>Model</Filter>
    </ClInclude>
    <ClInclude Include="Model\Interpreter.hpp">
      <Filter>Model</Filter>
    </ClInclude>
    <ClInclude Include="Model\LecTime.h">
      <Filter>Model</Filter>
    </ClInclude>
    <ClInclude Include="Model\RBTree.h">
      <Filter>Model</Filter>
    </ClInclude>
    <ClInclude Include="Stage\Chain.h">
      <Filter>Stage</Filter>
    </ClInclude>
    <ClInclude Include="Stage\Plan.hpp">
      <Filter>Stage</Filter>
    </ClInclude>
    <ClInclude Include="Stage\Schedule.h">
      <Filter>Stage</Filter>
    </ClInclude>
    <ClInclude Include="Stage\Time.hpp">
      <Filter>Stage</Filter>
    </ClInclude>
    <ClInclude Include="Original\Subject.h">
      <Filter>Original</Filter>
    </ClInclude>
    <ClInclude Include="Original\SubTable.h">
      <Filter>Original</Filter>
    </ClInclude>
    <ClInclude Include="Original\TableResult.h">
      <Filter>Original</Filter>
    </ClInclude>
  </ItemGroup>
  <ItemGroup>
    <None Include="README.md" />
  </ItemGroup>
  <ItemGroup>
    <Filter Include="Model">
      <UniqueIdentifier>{e28419f6-a83a-43d0-a809-44fb6f340ff5}</UniqueIdentifier>
    </Filter>
    <Filter Include="Stage">
      <UniqueIdentifier>{1b1a7568-5d36-4aab-9019-3316da3d15d5}</UniqueIdentifier>
    </Filter>
    <Filter Include="Original">
      <UniqueIdentifier>{c9761113-ba22-43d5-8a1f-2e4f9919971e}</UniqueIdentifier>
    </Filter>
    <Filter Include="Test">
      <UniqueIdentifier>{b3f5ecc8-42a7-4157-b4c0-9ce54b29da93}</UniqueIdentifier>
    </Filter>
  </ItemGroup>
</Project>